{
  "originHash" : "469afa1e97efe10916b31ff854512e36d329a104f114663197b4f46c1f9b6348",
  "pins" : [
    {
      "identity" : "ably-cocoa",
      "kind" : "remoteSourceControl",
      "location" : "https://github.com/ably/ably-cocoa.git",
      "state" : {
        "revision" : "4fb88f6a934889079e18b292f80c19b17d72fa4d",
        "version" : "1.3.0"
      }
    },
    {
      "identity" : "delta-codec-cocoa",
      "kind" : "remoteSourceControl",
      "location" : "https://github.com/ably/delta-codec-cocoa",
      "state" : {
        "revision" : "d53eec08f9443c6160d941327a6f9d8bbb93cea2",
        "version" : "1.3.5"
      }
    },
    {
      "identity" : "msgpack-objective-c",
      "kind" : "remoteSourceControl",
      "location" : "https://github.com/rvi/msgpack-objective-C",
      "state" : {
        "revision" : "3e36b48e04ecd756cb927bd5f5b9bf6d45e475f9",
        "version" : "0.4.0"
      }
    },
    {
      "identity" : "sentry-cocoa",
      "kind" : "remoteSourceControl",
      "location" : "https://github.com/getsentry/sentry-cocoa.git",
      "state" : {
        "revision" : "43abfbf9a26089ad34604c718ad0935440caf1d4",
        "version" : "9.18.0"
      }
    },
    {
      "identity" : "swiftlintplugins",
      "kind" : "remoteSourceControl",
      "location" : "https://github.com/SimplyDanny/SwiftLintPlugins",
      "state" : {
        "revision" : "ef7d692fc6706e8f5628e26bcafaefa445c58a97",
        "version" : "0.65.1"
      }
    }
  ],
  "version" : 3
}
